
Microsoft Visual Studio Solution File, Format Version 12.00
# Visual Studio Version 16
VisualStudioVersion = 16.0.30204.135
MinimumVisualStudioVersion = 10.0.40219.1
Project("{FAE04EC0-301F-11D3-BF4B-00C04F79EFBC}") = "Xamarin_Try_1.Android", "Xamarin_Try_1\Xamarin_Try_1.Android\Xamarin_Try_1.Android.csproj", "{B7588A6E-22C4-4898-BF61-C639D2CD255B}"
EndProject
Project("{FAE04EC0-301F-11D3-BF4B-00C04F79EFBC}") = "Xamarin_Try_1.iOS", "Xamarin_Try_1\Xamarin_Try_1.iOS\Xamarin_Try_1.iOS.csproj", "{853022D4-F912-46D5-8E13-6B20677C916E}"
EndProject
Project("{FAE04EC0-301F-11D3-BF4B-00C04F79EFBC}") = "Xamarin_Try_1", "Xamarin_Try_1\Xamarin_Try_1\Xamarin_Try_1.csproj", "{5044D80B-B1F4-4C05-84BC-3731DDC5EB45}"
EndProject
Global
	GlobalSection(SolutionConfigurationPlatforms) = preSolution
		Debug|Any CPU = Debug|Any CPU
		Debug|iPhone = Debug|iPhone
		Debug|iPhoneSimulator = Debug|iPhoneSimulator
		Release|Any CPU = Release|Any CPU
		Release|iPhone = Release|iPhone
		Release|iPhoneSimulator = Release|iPhoneSimulator
	EndGlobalSection
	GlobalSection(ProjectConfigurationPlatforms) = postSolution
		{B7588A6E-22C4-4898-BF61-C639D2CD255B}.Debug|Any CPU.ActiveCfg = Debug|Any CPU
		{B7588A6E-22C4-4898-BF61-C639D2CD255B}.Debug|Any CPU.Build.0 = Debug|Any CPU
		{B7588A6E-22C4-4898-BF61-C639D2CD255B}.Debug|Any CPU.Deploy.0 = Debug|Any CPU
		{B7588A6E-22C4-4898-BF61-C639D2CD255B}.Debug|iPhone.ActiveCfg = Debug|Any CPU
		{B7588A6E-22C4-4898-BF61-C639D2CD255B}.Debug|iPhone.Build.0 = Debug|Any CPU
		{B7588A6E-22C4-4898-BF61-C639D2CD255B}.Debug|iPhone.Deploy.0 = Debug|Any CPU
		{B7588A6E-22C4-4898-BF61-C639D2CD255B}.Debug|iPhoneSimulator.ActiveCfg = Debug|Any CPU
		{B7588A6E-22C4-4898-BF61-C639D2CD255B}.Debug|iPhoneSimulator.Build.0 = Debug|Any CPU
		{B7588A6E-22C4-4898-BF61-C639D2CD255B}.Debug|iPhoneSimulator.Deploy.0 = Debug|Any CPU
		{B7588A6E-22C4-4898-BF61-C639D2CD255B}.Release|Any CPU.ActiveCfg = Release|Any CPU
		{B7588A6E-22C4-4898-BF61-C639D2CD255B}.Release|Any CPU.Build.0 = Release|Any CPU
		{B7588A6E-22C4-4898-BF61-C639D2CD255B}.Release|Any CPU.Deploy.0 = Release|Any CPU
		{B7588A6E-22C4-4898-BF61-C639D2CD255B}.Release|iPhone.ActiveCfg = Release|Any CPU
		{B7588A6E-22C4-4898-BF61-C639D2CD255B}.Release|iPhone.Build.0 = Release|Any CPU
		{B7588A6E-22C4-4898-BF61-C639D2CD255B}.Release|iPhone.Deploy.0 = Release|Any CPU
		{B7588A6E-22C4-4898-BF61-C639D2CD255B}.Release|iPhoneSimulator.ActiveCfg = Release|Any CPU
		{B7588A6E-22C4-4898-BF61-C639D2CD255B}.Release|iPhoneSimulator.Build.0 = Release|Any CPU
		{B7588A6E-22C4-4898-BF61-C639D2CD255B}.Release|iPhoneSimulator.Deploy.0 = Release|Any CPU
		{853022D4-F912-46D5-8E13-6B20677C916E}.Debug|Any CPU.ActiveCfg = Debug|iPhone
		{853022D4-F912-46D5-8E13-6B20677C916E}.Debug|Any CPU.Build.0 = Debug|iPhone
		{853022D4-F912-46D5-8E13-6B20677C916E}.Debug|Any CPU.Deploy.0 = Debug|iPhone
		{853022D4-F912-46D5-8E13-6B20677C916E}.Debug|iPhone.ActiveCfg = Debug|iPhone
		{853022D4-F912-46D5-8E13-6B20677C916E}.Debug|iPhone.Build.0 = Debug|iPhone
		{853022D4-F912-46D5-8E13-6B20677C916E}.Debug|iPhone.Deploy.0 = Debug|iPhone
		{853022D4-F912-46D5-8E13-6B20677C916E}.Debug|iPhoneSimulator.ActiveCfg = Debug|iPhoneSimulator
		{853022D4-F912-46D5-8E13-6B20677C916E}.Debug|iPhoneSimulator.Build.0 = Debug|iPhoneSimulator
		{853022D4-F912-46D5-8E13-6B20677C916E}.Debug|iPhoneSimulator.Deploy.0 = Debug|iPhoneSimulator
		{853022D4-F912-46D5-8E13-6B20677C916E}.Release|Any CPU.ActiveCfg = Release|iPhone
		{853022D4-F912-46D5-8E13-6B20677C916E}.Release|Any CPU.Build.0 = Release|iPhone
		{853022D4-F912-46D5-8E13-6B20677C916E}.Release|Any CPU.Deploy.0 = Release|iPhone
		{853022D4-F912-46D5-8E13-6B20677C916E}.Release|iPhone.ActiveCfg = Release|iPhone
		{853022D4-F912-46D5-8E13-6B20677C916E}.Release|iPhone.Build.0 = Release|iPhone
		{853022D4-F912-46D5-8E13-6B20677C916E}.Release|iPhone.Deploy.0 = Release|iPhone
		{853022D4-F912-46D5-8E13-6B20677C916E}.Release|iPhoneSimulator.ActiveCfg = Release|iPhoneSimulator
		{853022D4-F912-46D5-8E13-6B20677C916E}.Release|iPhoneSimulator.Build.0 = Release|iPhoneSimulator
		{853022D4-F912-46D5-8E13-6B20677C916E}.Release|iPhoneSimulator.Deploy.0 = Release|iPhoneSimulator
		{5044D80B-B1F4-4C05-84BC-3731DDC5EB45}.Debug|Any CPU.ActiveCfg = Debug|Any CPU
		{5044D80B-B1F4-4C05-84BC-3731DDC5EB45}.Debug|Any CPU.Build.0 = Debug|Any CPU
		{5044D80B-B1F4-4C05-84BC-3731DDC5EB45}.Debug|Any CPU.Deploy.0 = Debug|Any CPU
		{5044D80B-B1F4-4C05-84BC-3731DDC5EB45}.Debug|iPhone.ActiveCfg = Debug|Any CPU
		{5044D80B-B1F4-4C05-84BC-3731DDC5EB45}.Debug|iPhone.Build.0 = Debug|Any CPU
		{5044D80B-B1F4-4C05-84BC-3731DDC5EB45}.Debug|iPhone.Deploy.0 = Debug|Any CPU
		{5044D80B-B1F4-4C05-84BC-3731DDC5EB45}.Debug|iPhoneSimulator.ActiveCfg = Debug|Any CPU
		{5044D80B-B1F4-4C05-84BC-3731DDC5EB45}.Debug|iPhoneSimulator.Build.0 = Debug|Any CPU
		{5044D80B-B1F4-4C05-84BC-3731DDC5EB45}.Debug|iPhoneSimulator.Deploy.0 = Debug|Any CPU
		{5044D80B-B1F4-4C05-84BC-3731DDC5EB45}.Release|Any CPU.ActiveCfg = Release|Any CPU
		{5044D80B-B1F4-4C05-84BC-3731DDC5EB45}.Release|Any CPU.Build.0 = Release|Any CPU
		{5044D80B-B1F4-4C05-84BC-3731DDC5EB45}.Release|Any CPU.Deploy.0 = Release|Any CPU
		{5044D80B-B1F4-4C05-84BC-3731DDC5EB45}.Release|iPhone.ActiveCfg = Release|Any CPU
		{5044D80B-B1F4-4C05-84BC-3731DDC5EB45}.Release|iPhone.Build.0 = Release|Any CPU
		{5044D80B-B1F4-4C05-84BC-3731DDC5EB45}.Release|iPhone.Deploy.0 = Release|Any CPU
		{5044D80B-B1F4-4C05-84BC-3731DDC5EB45}.Release|iPhoneSimulator.ActiveCfg = Release|Any CPU
		{5044D80B-B1F4-4C05-84BC-3731DDC5EB45}.Release|iPhoneSimulator.Build.0 = Release|Any CPU
		{5044D80B-B1F4-4C05-84BC-3731DDC5EB45}.Release|iPhoneSimulator.Deploy.0 = Release|Any CPU
	EndGlobalSection
	GlobalSection(SolutionProperties) = preSolution
		HideSolutionNode = FALSE
	EndGlobalSection
	GlobalSection(ExtensibilityGlobals) = postSolution
		SolutionGuid = {D7A2F975-850C-492A-B1E6-2517C3CBCC7F}
	EndGlobalSection
EndGlobal
